{
  "name": "tfjs-yolo-test",
  "version": "1.0.0",
  "lockfileVersion": 1,
  "requires": true,
  "dependencies": {
    "tfjs-yolo": {
      "version": "0.0.4",
      "resolved": "https://registry.npmjs.org/tfjs-yolo/-/tfjs-yolo-0.0.4.tgz",
      "integrity": "sha512-6z5B9JNB2TefFgxnpba4zVGpB3BBNdGtE4xMJRc5/StYbhF3+/tpmuQyYdRlwsKGiW8loz4Jg6zVT9UxaITbXA=="
    }
  }
}
